
Microsoft Visual Studio Solution File, Format Version 12.00
# Visual Studio 15
VisualStudioVersion = 15.0.28307.572
MinimumVisualStudioVersion = 10.0.40219.1
Project("{FAE04EC0-301F-11D3-BF4B-00C04F79EFBC}") = "App.Android", "App\App.Android\App.Android.csproj", "{14CDEE26-4463-4164-81D3-535E8122B011}"
EndProject
Project("{FAE04EC0-301F-11D3-BF4B-00C04F79EFBC}") = "App.iOS", "App\App.iOS\App.iOS.csproj", "{44783A03-2D96-4A38-A32B-334A27ED432A}"
EndProject
Project("{FAE04EC0-301F-11D3-BF4B-00C04F79EFBC}") = "App", "App\App\App.csproj", "{D99CD62A-9DD1-4121-BE7A-B571984E0D73}"
EndProject
Global
	GlobalSection(SolutionConfigurationPlatforms) = preSolution
		Ad-Hoc|Any CPU = Ad-Hoc|Any CPU
		Ad-Hoc|iPhone = Ad-Hoc|iPhone
		Ad-Hoc|iPhoneSimulator = Ad-Hoc|iPhoneSimulator
		AppStore|Any CPU = AppStore|Any CPU
		AppStore|iPhone = AppStore|iPhone
		AppStore|iPhoneSimulator = AppStore|iPhoneSimulator
		Debug|Any CPU = Debug|Any CPU
		Debug|iPhone = Debug|iPhone
		Debug|iPhoneSimulator = Debug|iPhoneSimulator
		Release|Any CPU = Release|Any CPU
		Release|iPhone = Release|iPhone
		Release|iPhoneSimulator = Release|iPhoneSimulator
	EndGlobalSection
	GlobalSection(ProjectConfigurationPlatforms) = postSolution
		{14CDEE26-4463-4164-81D3-535E8122B011}.Ad-Hoc|Any CPU.ActiveCfg = Release|Any CPU
		{14CDEE26-4463-4164-81D3-535E8122B011}.Ad-Hoc|Any CPU.Build.0 = Release|Any CPU
		{14CDEE26-4463-4164-81D3-535E8122B011}.Ad-Hoc|Any CPU.Deploy.0 = Release|Any CPU
		{14CDEE26-4463-4164-81D3-535E8122B011}.Ad-Hoc|iPhone.ActiveCfg = Release|Any CPU
		{14CDEE26-4463-4164-81D3-535E8122B011}.Ad-Hoc|iPhone.Build.0 = Release|Any CPU
		{14CDEE26-4463-4164-81D3-535E8122B011}.Ad-Hoc|iPhone.Deploy.0 = Release|Any CPU
		{14CDEE26-4463-4164-81D3-535E8122B011}.Ad-Hoc|iPhoneSimulator.ActiveCfg = Release|Any CPU
		{14CDEE26-4463-4164-81D3-535E8122B011}.Ad-Hoc|iPhoneSimulator.Build.0 = Release|Any CPU
		{14CDEE26-4463-4164-81D3-535E8122B011}.Ad-Hoc|iPhoneSimulator.Deploy.0 = Release|Any CPU
		{14CDEE26-4463-4164-81D3-535E8122B011}.AppStore|Any CPU.ActiveCfg = Release|Any CPU
		{14CDEE26-4463-4164-81D3-535E8122B011}.AppStore|Any CPU.Build.0 = Release|Any CPU
		{14CDEE26-4463-4164-81D3-535E8122B011}.AppStore|Any CPU.Deploy.0 = Release|Any CPU
		{14CDEE26-4463-4164-81D3-535E8122B011}.AppStore|iPhone.ActiveCfg = Release|Any CPU
		{14CDEE26-4463-4164-81D3-535E8122B011}.AppStore|iPhone.Build.0 = Release|Any CPU
		{14CDEE26-4463-4164-81D3-535E8122B011}.AppStore|iPhone.Deploy.0 = Release|Any CPU
		{14CDEE26-4463-4164-81D3-535E8122B011}.AppStore|iPhoneSimulator.ActiveCfg = Release|Any CPU
		{14CDEE26-4463-4164-81D3-535E8122B011}.AppStore|iPhoneSimulator.Build.0 = Release|Any CPU
		{14CDEE26-4463-4164-81D3-535E8122B011}.AppStore|iPhoneSimulator.Deploy.0 = Release|Any CPU
		{14CDEE26-4463-4164-81D3-535E8122B011}.Debug|Any CPU.ActiveCfg = Debug|Any CPU
		{14CDEE26-4463-4164-81D3-535E8122B011}.Debug|Any CPU.Build.0 = Debug|Any CPU
		{14CDEE26-4463-4164-81D3-535E8122B011}.Debug|Any CPU.Deploy.0 = Debug|Any CPU
		{14CDEE26-4463-4164-81D3-535E8122B011}.Debug|iPhone.ActiveCfg = Debug|Any CPU
		{14CDEE26-4463-4164-81D3-535E8122B011}.Debug|iPhone.Build.0 = Debug|Any CPU
		{14CDEE26-4463-4164-81D3-535E8122B011}.Debug|iPhone.Deploy.0 = Debug|Any CPU
		{14CDEE26-4463-4164-81D3-535E8122B011}.Debug|iPhoneSimulator.ActiveCfg = Debug|Any CPU
		{14CDEE26-4463-4164-81D3-535E8122B011}.Debug|iPhoneSimulator.Build.0 = Debug|Any CPU
		{14CDEE26-4463-4164-81D3-535E8122B011}.Debug|iPhoneSimulator.Deploy.0 = Debug|Any CPU
		{14CDEE26-4463-4164-81D3-535E8122B011}.Release|Any CPU.ActiveCfg = Release|Any CPU
		{14CDEE26-4463-4164-81D3-535E8122B011}.Release|Any CPU.Build.0 = Release|Any CPU
		{14CDEE26-4463-4164-81D3-535E8122B011}.Release|Any CPU.Deploy.0 = Release|Any CPU
		{14CDEE26-4463-4164-81D3-535E8122B011}.Release|iPhone.ActiveCfg = Release|Any CPU
		{14CDEE26-4463-4164-81D3-535E8122B011}.Release|iPhone.Build.0 = Release|Any CPU
		{14CDEE26-4463-4164-81D3-535E8122B011}.Release|iPhone.Deploy.0 = Release|Any CPU
		{14CDEE26-4463-4164-81D3-535E8122B011}.Release|iPhoneSimulator.ActiveCfg = Release|Any CPU
		{14CDEE26-4463-4164-81D3-535E8122B011}.Release|iPhoneSimulator.Build.0 = Release|Any CPU
		{14CDEE26-4463-4164-81D3-535E8122B011}.Release|iPhoneSimulator.Deploy.0 = Release|Any CPU
		{44783A03-2D96-4A38-A32B-334A27ED432A}.Ad-Hoc|Any CPU.ActiveCfg = Ad-Hoc|iPhone
		{44783A03-2D96-4A38-A32B-334A27ED432A}.Ad-Hoc|Any CPU.Build.0 = Ad-Hoc|iPhone
		{44783A03-2D96-4A38-A32B-334A27ED432A}.Ad-Hoc|Any CPU.Deploy.0 = Ad-Hoc|iPhone
		{44783A03-2D96-4A38-A32B-334A27ED432A}.Ad-Hoc|iPhone.ActiveCfg = Ad-Hoc|iPhone
		{44783A03-2D96-4A38-A32B-334A27ED432A}.Ad-Hoc|iPhone.Build.0 = Ad-Hoc|iPhone
		{44783A03-2D96-4A38-A32B-334A27ED432A}.Ad-Hoc|iPhone.Deploy.0 = Ad-Hoc|iPhone
		{44783A03-2D96-4A38-A32B-334A27ED432A}.Ad-Hoc|iPhoneSimulator.ActiveCfg = Ad-Hoc|iPhoneSimulator
		{44783A03-2D96-4A38-A32B-334A27ED432A}.Ad-Hoc|iPhoneSimulator.Build.0 = Ad-Hoc|iPhoneSimulator
		{44783A03-2D96-4A38-A32B-334A27ED432A}.Ad-Hoc|iPhoneSimulator.Deploy.0 = Ad-Hoc|iPhoneSimulator
		{44783A03-2D96-4A38-A32B-334A27ED432A}.AppStore|Any CPU.ActiveCfg = AppStore|iPhone
		{44783A03-2D96-4A38-A32B-334A27ED432A}.AppStore|Any CPU.Build.0 = AppStore|iPhone
		{44783A03-2D96-4A38-A32B-334A27ED432A}.AppStore|Any CPU.Deploy.0 = AppStore|iPhone
		{44783A03-2D96-4A38-A32B-334A27ED432A}.AppStore|iPhone.ActiveCfg = AppStore|iPhone
		{44783A03-2D96-4A38-A32B-334A27ED432A}.AppStore|iPhone.Build.0 = AppStore|iPhone
		{44783A03-2D96-4A38-A32B-334A27ED432A}.AppStore|iPhone.Deploy.0 = AppStore|iPhone
		{44783A03-2D96-4A38-A32B-334A27ED432A}.AppStore|iPhoneSimulator.ActiveCfg = AppStore|iPhoneSimulator
		{44783A03-2D96-4A38-A32B-334A27ED432A}.AppStore|iPhoneSimulator.Build.0 = AppStore|iPhoneSimulator
		{44783A03-2D96-4A38-A32B-334A27ED432A}.AppStore|iPhoneSimulator.Deploy.0 = AppStore|iPhoneSimulator
		{44783A03-2D96-4A38-A32B-334A27ED432A}.Debug|Any CPU.ActiveCfg = Debug|iPhoneSimulator
		{44783A03-2D96-4A38-A32B-334A27ED432A}.Debug|Any CPU.Build.0 = Debug|iPhoneSimulator
		{44783A03-2D96-4A38-A32B-334A27ED432A}.Debug|Any CPU.Deploy.0 = Debug|iPhoneSimulator
		{44783A03-2D96-4A38-A32B-334A27ED432A}.Debug|iPhone.ActiveCfg = Debug|iPhone
		{44783A03-2D96-4A38-A32B-334A27ED432A}.Debug|iPhone.Build.0 = Debug|iPhone
		{44783A03-2D96-4A38-A32B-334A27ED432A}.Debug|iPhone.Deploy.0 = Debug|iPhone
		{44783A03-2D96-4A38-A32B-334A27ED432A}.Debug|iPhoneSimulator.ActiveCfg = Debug|iPhoneSimulator
		{44783A03-2D96-4A38-A32B-334A27ED432A}.Debug|iPhoneSimulator.Build.0 = Debug|iPhoneSimulator
		{44783A03-2D96-4A38-A32B-334A27ED432A}.Debug|iPhoneSimulator.Deploy.0 = Debug|iPhoneSimulator
		{44783A03-2D96-4A38-A32B-334A27ED432A}.Release|Any CPU.ActiveCfg = Release|iPhone
		{44783A03-2D96-4A38-A32B-334A27ED432A}.Release|Any CPU.Build.0 = Release|iPhone
		{44783A03-2D96-4A38-A32B-334A27ED432A}.Release|Any CPU.Deploy.0 = Release|iPhone
		{44783A03-2D96-4A38-A32B-334A27ED432A}.Release|iPhone.ActiveCfg = Release|iPhone
		{44783A03-2D96-4A38-A32B-334A27ED432A}.Release|iPhone.Build.0 = Release|iPhone
		{44783A03-2D96-4A38-A32B-334A27ED432A}.Release|iPhone.Deploy.0 = Release|iPhone
		{44783A03-2D96-4A38-A32B-334A27ED432A}.Release|iPhoneSimulator.ActiveCfg = Release|iPhoneSimulator
		{44783A03-2D96-4A38-A32B-334A27ED432A}.Release|iPhoneSimulator.Build.0 = Release|iPhoneSimulator
		{44783A03-2D96-4A38-A32B-334A27ED432A}.Release|iPhoneSimulator.Deploy.0 = Release|iPhoneSimulator
		{D99CD62A-9DD1-4121-BE7A-B571984E0D73}.Ad-Hoc|Any CPU.ActiveCfg = Debug|Any CPU
		{D99CD62A-9DD1-4121-BE7A-B571984E0D73}.Ad-Hoc|Any CPU.Build.0 = Debug|Any CPU
		{D99CD62A-9DD1-4121-BE7A-B571984E0D73}.Ad-Hoc|Any CPU.Deploy.0 = Debug|Any CPU
		{D99CD62A-9DD1-4121-BE7A-B571984E0D73}.Ad-Hoc|iPhone.ActiveCfg = Debug|Any CPU
		{D99CD62A-9DD1-4121-BE7A-B571984E0D73}.Ad-Hoc|iPhone.Build.0 = Debug|Any CPU
		{D99CD62A-9DD1-4121-BE7A-B571984E0D73}.Ad-Hoc|iPhone.Deploy.0 = Debug|Any CPU
		{D99CD62A-9DD1-4121-BE7A-B571984E0D73}.Ad-Hoc|iPhoneSimulator.ActiveCfg = Debug|Any CPU
		{D99CD62A-9DD1-4121-BE7A-B571984E0D73}.Ad-Hoc|iPhoneSimulator.Build.0 = Debug|Any CPU
		{D99CD62A-9DD1-4121-BE7A-B571984E0D73}.Ad-Hoc|iPhoneSimulator.Deploy.0 = Debug|Any CPU
		{D99CD62A-9DD1-4121-BE7A-B571984E0D73}.AppStore|Any CPU.ActiveCfg = Debug|Any CPU
		{D99CD62A-9DD1-4121-BE7A-B571984E0D73}.AppStore|Any CPU.Build.0 = Debug|Any CPU
		{D99CD62A-9DD1-4121-BE7A-B571984E0D73}.AppStore|Any CPU.Deploy.0 = Debug|Any CPU
		{D99CD62A-9DD1-4121-BE7A-B571984E0D73}.AppStore|iPhone.ActiveCfg = Debug|Any CPU
		{D99CD62A-9DD1-4121-BE7A-B571984E0D73}.AppStore|iPhone.Build.0 = Debug|Any CPU
		{D99CD62A-9DD1-4121-BE7A-B571984E0D73}.AppStore|iPhone.Deploy.0 = Debug|Any CPU
		{D99CD62A-9DD1-4121-BE7A-B571984E0D73}.AppStore|iPhoneSimulator.ActiveCfg = Debug|Any CPU
		{D99CD62A-9DD1-4121-BE7A-B571984E0D73}.AppStore|iPhoneSimulator.Build.0 = Debug|Any CPU
		{D99CD62A-9DD1-4121-BE7A-B571984E0D73}.AppStore|iPhoneSimulator.Deploy.0 = Debug|Any CPU
		{D99CD62A-9DD1-4121-BE7A-B571984E0D73}.Debug|Any CPU.ActiveCfg = Debug|Any CPU
		{D99CD62A-9DD1-4121-BE7A-B571984E0D73}.Debug|Any CPU.Build.0 = Debug|Any CPU
		{D99CD62A-9DD1-4121-BE7A-B571984E0D73}.Debug|Any CPU.Deploy.0 = Debug|Any CPU
		{D99CD62A-9DD1-4121-BE7A-B571984E0D73}.Debug|iPhone.ActiveCfg = Debug|Any CPU
		{D99CD62A-9DD1-4121-BE7A-B571984E0D73}.Debug|iPhone.Build.0 = Debug|Any CPU
		{D99CD62A-9DD1-4121-BE7A-B571984E0D73}.Debug|iPhone.Deploy.0 = Debug|Any CPU
		{D99CD62A-9DD1-4121-BE7A-B571984E0D73}.Debug|iPhoneSimulator.ActiveCfg = Debug|Any CPU
		{D99CD62A-9DD1-4121-BE7A-B571984E0D73}.Debug|iPhoneSimulator.Build.0 = Debug|Any CPU
		{D99CD62A-9DD1-4121-BE7A-B571984E0D73}.Debug|iPhoneSimulator.Deploy.0 = Debug|Any CPU
		{D99CD62A-9DD1-4121-BE7A-B571984E0D73}.Release|Any CPU.ActiveCfg = Release|Any CPU
		{D99CD62A-9DD1-4121-BE7A-B571984E0D73}.Release|Any CPU.Build.0 = Release|Any CPU
		{D99CD62A-9DD1-4121-BE7A-B571984E0D73}.Release|Any CPU.Deploy.0 = Release|Any CPU
		{D99CD62A-9DD1-4121-BE7A-B571984E0D73}.Release|iPhone.ActiveCfg = Release|Any CPU
		{D99CD62A-9DD1-4121-BE7A-B571984E0D73}.Release|iPhone.Build.0 = Release|Any CPU
		{D99CD62A-9DD1-4121-BE7A-B571984E0D73}.Release|iPhone.Deploy.0 = Release|Any CPU
		{D99CD62A-9DD1-4121-BE7A-B571984E0D73}.Release|iPhoneSimulator.ActiveCfg = Release|Any CPU
		{D99CD62A-9DD1-4121-BE7A-B571984E0D73}.Release|iPhoneSimulator.Build.0 = Release|Any CPU
		{D99CD62A-9DD1-4121-BE7A-B571984E0D73}.Release|iPhoneSimulator.Deploy.0 = Release|Any CPU
	EndGlobalSection
	GlobalSection(SolutionProperties) = preSolution
		HideSolutionNode = FALSE
	EndGlobalSection
	GlobalSection(ExtensibilityGlobals) = postSolution
		SolutionGuid = {83DCB526-68D8-4824-B6AC-2A49B2D3F340}
	EndGlobalSection
EndGlobal
